
Microsoft Visual Studio Solution File, Format Version 12.00
# Visual Studio Version 17
VisualStudioVersion = 17.9.34723.18
MinimumVisualStudioVersion = 10.0.40219.1
Project("{FAE04EC0-301F-11D3-BF4B-00C04F79EFBC}") = "Project1", "Project1\Project1.csproj", "{B61B09DB-DD13-43DB-9DCB-9BE601A40C55}"
EndProject
Global
	GlobalSection(SolutionConfigurationPlatforms) = preSolution
		Debug|Any CPU = Debug|Any CPU
		Release|Any CPU = Release|Any CPU
	EndGlobalSection
	GlobalSection(ProjectConfigurationPlatforms) = postSolution
		{B61B09DB-DD13-43DB-9DCB-9BE601A40C55}.Debug|Any CPU.ActiveCfg = Debug|Any CPU
		{B61B09DB-DD13-43DB-9DCB-9BE601A40C55}.Debug|Any CPU.Build.0 = Debug|Any CPU
		{B61B09DB-DD13-43DB-9DCB-9BE601A40C55}.Release|Any CPU.ActiveCfg = Release|Any CPU
		{B61B09DB-DD13-43DB-9DCB-9BE601A40C55}.Release|Any CPU.Build.0 = Release|Any CPU
	EndGlobalSection
	GlobalSection(SolutionProperties) = preSolution
		HideSolutionNode = FALSE
	EndGlobalSection
	GlobalSection(ExtensibilityGlobals) = postSolution
		SolutionGuid = {104CDF32-D0BB-4B56-85C6-A208CEEA6415}
	EndGlobalSection
EndGlobal
